// !$*UTF8*$!
{
	archiveVersion = 1;
	classes = {
	};
	objectVersion = 56;
	objects = {

/* Begin PBXBuildFile section */
		25C27EB62952E20D00795238 /* GoalType.swift in Sources */ = {isa = PBXBuildFile; fileRef = 25C27EB52952E20D00795238 /* GoalType.swift */; };
		25C27EB82953439700795238 /* CreateGoalVC.swift in Sources */ = {isa = PBXBuildFile; fileRef = 25C27EB72953439700795238 /* CreateGoalVC.swift */; };
		25C27EBA295351D100795238 /* UIViewControllerExt.swift in Sources */ = {isa = PBXBuildFile; fileRef = 25C27EB9295351D100795238 /* UIViewControllerExt.swift */; };
		25C27EBC29535AD600795238 /* UIViewExt.swift in Sources */ = {isa = PBXBuildFile; fileRef = 25C27EBB29535AD600795238 /* UIViewExt.swift */; };
		25C27EBE2953614500795238 /* UIButtonExt.swift in Sources */ = {isa = PBXBuildFile; fileRef = 25C27EBD2953614500795238 /* UIButtonExt.swift */; };
		25C27EC029537DF300795238 /* FinishGoalVC.swift in Sources */ = {isa = PBXBuildFile; fileRef = 25C27EBF29537DF300795238 /* FinishGoalVC.swift */; };
		25CF388F29527CCA0040821E /* AppDelegate.swift in Sources */ = {isa = PBXBuildFile; fileRef = 25CF388E29527CCA0040821E /* AppDelegate.swift */; };
		25CF389129527CCA0040821E /* SceneDelegate.swift in Sources */ = {isa = PBXBuildFile; fileRef = 25CF389029527CCA0040821E /* SceneDelegate.swift */; };
		25CF389329527CCA0040821E /* GoalsVC.swift in Sources */ = {isa = PBXBuildFile; fileRef = 25CF389229527CCA0040821E /* GoalsVC.swift */; };
		25CF389629527CCA0040821E /* Main.storyboard in Resources */ = {isa = PBXBuildFile; fileRef = 25CF389429527CCA0040821E /* Main.storyboard */; };
		25CF389929527CCA0040821E /* GoalPostApp.xcdatamodeld in Sources */ = {isa = PBXBuildFile; fileRef = 25CF389729527CCA0040821E /* GoalPostApp.xcdatamodeld */; };
		25CF389B29527CCC0040821E /* Assets.xcassets in Resources */ = {isa = PBXBuildFile; fileRef = 25CF389A29527CCC0040821E /* Assets.xcassets */; };
		25CF389E29527CCC0040821E /* LaunchScreen.storyboard in Resources */ = {isa = PBXBuildFile; fileRef = 25CF389C29527CCC0040821E /* LaunchScreen.storyboard */; };
		25F812BB2952C22A003F850E /* GoalCell.swift in Sources */ = {isa = PBXBuildFile; fileRef = 25F812BA2952C22A003F850E /* GoalCell.swift */; };
/* End PBXBuildFile section */

/* Begin PBXFileReference section */
		25C27EB52952E20D00795238 /* GoalType.swift */ = {isa = PBXFileReference; lastKnownFileType = sourcecode.swift; path = GoalType.swift; sourceTree = "<group>"; };
		25C27EB72953439700795238 /* CreateGoalVC.swift */ = {isa = PBXFileReference; lastKnownFileType = sourcecode.swift; path = CreateGoalVC.swift; sourceTree = "<group>"; };
		25C27EB9295351D100795238 /* UIViewControllerExt.swift */ = {isa = PBXFileReference; lastKnownFileType = sourcecode.swift; path = UIViewControllerExt.swift; sourceTree = "<group>"; };
		25C27EBB29535AD600795238 /* UIViewExt.swift */ = {isa = PBXFileReference; lastKnownFileType = sourcecode.swift; path = UIViewExt.swift; sourceTree = "<group>"; };
		25C27EBD2953614500795238 /* UIButtonExt.swift */ = {isa = PBXFileReference; lastKnownFileType = sourcecode.swift; path = UIButtonExt.swift; sourceTree = "<group>"; };
		25C27EBF29537DF300795238 /* FinishGoalVC.swift */ = {isa = PBXFileReference; lastKnownFileType = sourcecode.swift; path = FinishGoalVC.swift; sourceTree = "<group>"; };
		25CF388B29527CCA0040821E /* GoalPostApp.app */ = {isa = PBXFileReference; explicitFileType = wrapper.application; includeInIndex = 0; path = GoalPostApp.app; sourceTree = BUILT_PRODUCTS_DIR; };
		25CF388E29527CCA0040821E /* AppDelegate.swift */ = {isa = PBXFileReference; lastKnownFileType = sourcecode.swift; path = AppDelegate.swift; sourceTree = "<group>"; };
		25CF389029527CCA0040821E /* SceneDelegate.swift */ = {isa = PBXFileReference; lastKnownFileType = sourcecode.swift; path = SceneDelegate.swift; sourceTree = "<group>"; };
		25CF389229527CCA0040821E /* GoalsVC.swift */ = {isa = PBXFileReference; lastKnownFileType = sourcecode.swift; path = GoalsVC.swift; sourceTree = "<group>"; };
		25CF389529527CCA0040821E /* Base */ = {isa = PBXFileReference; lastKnownFileType = file.storyboard; name = Base; path = Base.lproj/Main.storyboard; sourceTree = "<group>"; };
		25CF389829527CCA0040821E /* GoalPostApp.xcdatamodel */ = {isa = PBXFileReference; lastKnownFileType = wrapper.xcdatamodel; path = GoalPostApp.xcdatamodel; sourceTree = "<group>"; };
		25CF389A29527CCC0040821E /* Assets.xcassets */ = {isa = PBXFileReference; lastKnownFileType = folder.assetcatalog; path = Assets.xcassets; sourceTree = "<group>"; };
		25CF389D29527CCC0040821E /* Base */ = {isa = PBXFileReference; lastKnownFileType = file.storyboard; name = Base; path = Base.lproj/LaunchScreen.storyboard; sourceTree = "<group>"; };
		25CF389F29527CCC0040821E /* Info.plist */ = {isa = PBXFileReference; lastKnownFileType = text.plist.xml; path = Info.plist; sourceTree = "<group>"; };
		25F812BA2952C22A003F850E /* GoalCell.swift */ = {isa = PBXFileReference; lastKnownFileType = sourcecode.swift; path = GoalCell.swift; sourceTree = "<group>"; };
/* End PBXFileReference section */

/* Begin PBXFrameworksBuildPhase section */
		25CF388829527CCA0040821E /* Frameworks */ = {
			isa = PBXFrameworksBuildPhase;
			buildActionMask = 2147483647;
			files = (
			);
			runOnlyForDeploymentPostprocessing = 0;
		};
/* End PBXFrameworksBuildPhase section */

/* Begin PBXGroup section */
		25CF388229527CCA0040821E = {
			isa = PBXGroup;
			children = (
				25CF388D29527CCA0040821E /* GoalPostApp */,
				25CF388C29527CCA0040821E /* Products */,
			);
			sourceTree = "<group>";
		};
		25CF388C29527CCA0040821E /* Products */ = {
			isa = PBXGroup;
			children = (
				25CF388B29527CCA0040821E /* GoalPostApp.app */,
			);
			name = Products;
			sourceTree = "<group>";
		};
		25CF388D29527CCA0040821E /* GoalPostApp */ = {
			isa = PBXGroup;
			children = (
				25CF38A829527D1F0040821E /* Extensions */,
				25CF38A729527D160040821E /* Enums */,
				25CF38A929527DBD0040821E /* -Models- */,
				25CF38A629527D080040821E /* View */,
				25CF38A529527CE40040821E /* Contoller */,
				25CF388E29527CCA0040821E /* AppDelegate.swift */,
				25CF389029527CCA0040821E /* SceneDelegate.swift */,
				25CF389429527CCA0040821E /* Main.storyboard */,
				25CF389A29527CCC0040821E /* Assets.xcassets */,
				25CF389C29527CCC0040821E /* LaunchScreen.storyboard */,
				25CF389F29527CCC0040821E /* Info.plist */,
				25CF389729527CCA0040821E /* GoalPostApp.xcdatamodeld */,
			);
			path = GoalPostApp;
			sourceTree = "<group>";
		};
		25CF38A529527CE40040821E /* Contoller */ = {
			isa = PBXGroup;
			children = (
				25CF389229527CCA0040821E /* GoalsVC.swift */,
				25C27EB72953439700795238 /* CreateGoalVC.swift */,
				25C27EBF29537DF300795238 /* FinishGoalVC.swift */,
			);
			path = Contoller;
			sourceTree = "<group>";
		};
		25CF38A629527D080040821E /* View */ = {
			isa = PBXGroup;
			children = (
				25F812BA2952C22A003F850E /* GoalCell.swift */,
			);
			path = View;
			sourceTree = "<group>";
		};
		25CF38A729527D160040821E /* Enums */ = {
			isa = PBXGroup;
			children = (
				25C27EB52952E20D00795238 /* GoalType.swift */,
			);
			path = Enums;
			sourceTree = "<group>";
		};
		25CF38A829527D1F0040821E /* Extensions */ = {
			isa = PBXGroup;
			children = (
				25C27EB9295351D100795238 /* UIViewControllerExt.swift */,
				25C27EBB29535AD600795238 /* UIViewExt.swift */,
				25C27EBD2953614500795238 /* UIButtonExt.swift */,
			);
			path = Extensions;
			sourceTree = "<group>";
		};
		25CF38A929527DBD0040821E /* -Models- */ = {
			isa = PBXGroup;
			children = (
			);
			path = "-Models-";
			sourceTree = "<group>";
		};
/* End PBXGroup section */

/* Begin PBXNativeTarget section */
		25CF388A29527CCA0040821E /* GoalPostApp */ = {
			isa = PBXNativeTarget;
			buildConfigurationList = 25CF38A229527CCC0040821E /* Build configuration list for PBXNativeTarget "GoalPostApp" */;
			buildPhases = (
				25CF388729527CCA0040821E /* Sources */,
				25CF388829527CCA0040821E /* Frameworks */,
				25CF388929527CCA0040821E /* Resources */,
			);
			buildRules = (
			);
			dependencies = (
			);
			name = GoalPostApp;
			productName = GoalPostApp;
			productReference = 25CF388B29527CCA0040821E /* GoalPostApp.app */;
			productType = "com.apple.product-type.application";
		};
/* End PBXNativeTarget section */

/* Begin PBXProject section */
		25CF388329527CCA0040821E /* Project object */ = {
			isa = PBXProject;
			attributes = {
				BuildIndependentTargetsInParallel = 1;
				LastSwiftUpdateCheck = 1400;
				LastUpgradeCheck = 1400;
				TargetAttributes = {
					25CF388A29527CCA0040821E = {
						CreatedOnToolsVersion = 14.0.1;
					};
				};
			};
			buildConfigurationList = 25CF388629527CCA0040821E /* Build configuration list for PBXProject "GoalPostApp" */;
			compatibilityVersion = "Xcode 14.0";
			developmentRegion = en;
			hasScannedForEncodings = 0;
			knownRegions = (
				en,
				Base,
			);
			mainGroup = 25CF388229527CCA0040821E;
			productRefGroup = 25CF388C29527CCA0040821E /* Products */;
			projectDirPath = "";
			projectRoot = "";
			targets = (
				25CF388A29527CCA0040821E /* GoalPostApp */,
			);
		};
/* End PBXProject section */

/* Begin PBXResourcesBuildPhase section */
		25CF388929527CCA0040821E /* Resources */ = {
			isa = PBXResourcesBuildPhase;
			buildActionMask = 2147483647;
			files = (
				25CF389E29527CCC0040821E /* LaunchScreen.storyboard in Resources */,
				25CF389B29527CCC0040821E /* Assets.xcassets in Resources */,
				25CF389629527CCA0040821E /* Main.storyboard in Resources */,
			);
			runOnlyForDeploymentPostprocessing = 0;
		};
/* End PBXResourcesBuildPhase section */

/* Begin PBXSourcesBuildPhase section */
		25CF388729527CCA0040821E /* Sources */ = {
			isa = PBXSourcesBuildPhase;
			buildActionMask = 2147483647;
			files = (
				25C27EBC29535AD600795238 /* UIViewExt.swift in Sources */,
				25C27EBE2953614500795238 /* UIButtonExt.swift in Sources */,
				25CF389329527CCA0040821E /* GoalsVC.swift in Sources */,
				25CF388F29527CCA0040821E /* AppDelegate.swift in Sources */,
				25C27EBA295351D100795238 /* UIViewControllerExt.swift in Sources */,
				25C27EC029537DF300795238 /* FinishGoalVC.swift in Sources */,
				25C27EB62952E20D00795238 /* GoalType.swift in Sources */,
				25CF389929527CCA0040821E /* GoalPostApp.xcdatamodeld in Sources */,
				25C27EB82953439700795238 /* CreateGoalVC.swift in Sources */,
				25F812BB2952C22A003F850E /* GoalCell.swift in Sources */,
				25CF389129527CCA0040821E /* SceneDelegate.swift in Sources */,
			);
			runOnlyForDeploymentPostprocessing = 0;
		};
/* End PBXSourcesBuildPhase section */

/* Begin PBXVariantGroup section */
		25CF389429527CCA0040821E /* Main.storyboard */ = {
			isa = PBXVariantGroup;
			children = (
				25CF389529527CCA0040821E /* Base */,
			);
			name = Main.storyboard;
			sourceTree = "<group>";
		};
		25CF389C29527CCC0040821E /* LaunchScreen.storyboard */ = {
			isa = PBXVariantGroup;
			children = (
				25CF389D29527CCC0040821E /* Base */,
			);
			name = LaunchScreen.storyboard;
			sourceTree = "<group>";
		};
/* End PBXVariantGroup section */

/* Begin XCBuildConfiguration section */
		25CF38A029527CCC0040821E /* Debug */ = {
			isa = XCBuildConfiguration;
			buildSettings = {
				ALWAYS_SEARCH_USER_PATHS = NO;
				CLANG_ANALYZER_NONNULL = YES;
				CLANG_ANALYZER_NUMBER_OBJECT_CONVERSION = YES_AGGRESSIVE;
				CLANG_CXX_LANGUAGE_STANDARD = "gnu++20";
				CLANG_ENABLE_MODULES = YES;
				CLANG_ENABLE_OBJC_ARC = YES;
				CLANG_ENABLE_OBJC_WEAK = YES;
				CLANG_WARN_BLOCK_CAPTURE_AUTORELEASING = YES;
				CLANG_WARN_BOOL_CONVERSION = YES;
				CLANG_WARN_COMMA = YES;
				CLANG_WARN_CONSTANT_CONVERSION = YES;
				CLANG_WARN_DEPRECATED_OBJC_IMPLEMENTATIONS = YES;
				CLANG_WARN_DIRECT_OBJC_ISA_USAGE = YES_ERROR;
				CLANG_WARN_DOCUMENTATION_COMMENTS = YES;
				CLANG_WARN_EMPTY_BODY = YES;
				CLANG_WARN_ENUM_CONVERSION = YES;
				CLANG_WARN_INFINITE_RECURSION = YES;
				CLANG_WARN_INT_CONVERSION = YES;
				CLANG_WARN_NON_LITERAL_NULL_CONVERSION = YES;
				CLANG_WARN_OBJC_IMPLICIT_RETAIN_SELF = YES;
				CLANG_WARN_OBJC_LITERAL_CONVERSION = YES;
				CLANG_WARN_OBJC_ROOT_CLASS = YES_ERROR;
				CLANG_WARN_QUOTED_INCLUDE_IN_FRAMEWORK_HEADER = YES;
				CLANG_WARN_RANGE_LOOP_ANALYSIS = YES;
				CLANG_WARN_STRICT_PROTOTYPES = YES;
				CLANG_WARN_SUSPICIOUS_MOVE = YES;
				CLANG_WARN_UNGUARDED_AVAILABILITY = YES_AGGRESSIVE;
				CLANG_WARN_UNREACHABLE_CODE = YES;
				CLANG_WARN__DUPLICATE_METHOD_MATCH = YES;
				COPY_PHASE_STRIP = NO;
				DEBUG_INFORMATION_FORMAT = dwarf;
				ENABLE_STRICT_OBJC_MSGSEND = YES;
				ENABLE_TESTABILITY = YES;
				GCC_C_LANGUAGE_STANDARD = gnu11;
				GCC_DYNAMIC_NO_PIC = NO;
				GCC_NO_COMMON_BLOCKS = YES;
				GCC_OPTIMIZATION_LEVEL = 0;
				GCC_PREPROCESSOR_DEFINITIONS = (
					"DEBUG=1",
					"$(inherited)",
				);
				GCC_WARN_64_TO_32_BIT_CONVERSION = YES;
				GCC_WARN_ABOUT_RETURN_TYPE = YES_ERROR;
				GCC_WARN_UNDECLARED_SELECTOR = YES;
				GCC_WARN_UNINITIALIZED_AUTOS = YES_AGGRESSIVE;
				GCC_WARN_UNUSED_FUNCTION = YES;
				GCC_WARN_UNUSED_VARIABLE = YES;
				IPHONEOS_DEPLOYMENT_TARGET = 16.0;
				MTL_ENABLE_DEBUG_INFO = INCLUDE_SOURCE;
				MTL_FAST_MATH = YES;
				ONLY_ACTIVE_ARCH = YES;
				SDKROOT = iphoneos;
				SWIFT_ACTIVE_COMPILATION_CONDITIONS = DEBUG;
				SWIFT_OPTIMIZATION_LEVEL = "-Onone";
			};
			name = Debug;
		};
		25CF38A129527CCC0040821E /* Release */ = {
			isa = XCBuildConfiguration;
			buildSettings = {
				ALWAYS_SEARCH_USER_PATHS = NO;
				CLANG_ANALYZER_NONNULL = YES;
				CLANG_ANALYZER_NUMBER_OBJECT_CONVERSION = YES_AGGRESSIVE;
				CLANG_CXX_LANGUAGE_STANDARD = "gnu++20";
				CLANG_ENABLE_MODULES = YES;
				CLANG_ENABLE_OBJC_ARC = YES;
				CLANG_ENABLE_OBJC_WEAK = YES;
				CLANG_WARN_BLOCK_CAPTURE_AUTORELEASING = YES;
				CLANG_WARN_BOOL_CONVERSION = YES;
				CLANG_WARN_COMMA = YES;
				CLANG_WARN_CONSTANT_CONVERSION = YES;
				CLANG_WARN_DEPRECATED_OBJC_IMPLEMENTATIONS = YES;
				CLANG_WARN_DIRECT_OBJC_ISA_USAGE = YES_ERROR;
				CLANG_WARN_DOCUMENTATION_COMMENTS = YES;
				CLANG_WARN_EMPTY_BODY = YES;
				CLANG_WARN_ENUM_CONVERSION = YES;
				CLANG_WARN_INFINITE_RECURSION = YES;
				CLANG_WARN_INT_CONVERSION = YES;
				CLANG_WARN_NON_LITERAL_NULL_CONVERSION = YES;
				CLANG_WARN_OBJC_IMPLICIT_RETAIN_SELF = YES;
				CLANG_WARN_OBJC_LITERAL_CONVERSION = YES;
				CLANG_WARN_OBJC_ROOT_CLASS = YES_ERROR;
				CLANG_WARN_QUOTED_INCLUDE_IN_FRAMEWORK_HEADER = YES;
				CLANG_WARN_RANGE_LOOP_ANALYSIS = YES;
				CLANG_WARN_STRICT_PROTOTYPES = YES;
				CLANG_WARN_SUSPICIOUS_MOVE = YES;
				CLANG_WARN_UNGUARDED_AVAILABILITY = YES_AGGRESSIVE;
				CLANG_WARN_UNREACHABLE_CODE = YES;
				CLANG_WARN__DUPLICATE_METHOD_MATCH = YES;
				COPY_PHASE_STRIP = NO;
				DEBUG_INFORMATION_FORMAT = "dwarf-with-dsym";
				ENABLE_NS_ASSERTIONS = NO;
				ENABLE_STRICT_OBJC_MSGSEND = YES;
				GCC_C_LANGUAGE_STANDARD = gnu11;
				GCC_NO_COMMON_BLOCKS = YES;
				GCC_WARN_64_TO_32_BIT_CONVERSION = YES;
				GCC_WARN_ABOUT_RETURN_TYPE = YES_ERROR;
				GCC_WARN_UNDECLARED_SELECTOR = YES;
				GCC_WARN_UNINITIALIZED_AUTOS = YES_AGGRESSIVE;
				GCC_WARN_UNUSED_FUNCTION = YES;
				GCC_WARN_UNUSED_VARIABLE = YES;
				IPHONEOS_DEPLOYMENT_TARGET = 16.0;
				MTL_ENABLE_DEBUG_INFO = NO;
				MTL_FAST_MATH = YES;
				SDKROOT = iphoneos;
				SWIFT_COMPILATION_MODE = wholemodule;
				SWIFT_OPTIMIZATION_LEVEL = "-O";
				VALIDATE_PRODUCT = YES;
			};
			name = Release;
		};
		25CF38A329527CCC0040821E /* Debug */ = {
			isa = XCBuildConfiguration;
			buildSettings = {
				ASSETCATALOG_COMPILER_APPICON_NAME = AppIcon;
				ASSETCATALOG_COMPILER_GLOBAL_ACCENT_COLOR_NAME = AccentColor;
				CODE_SIGN_STYLE = Automatic;
				CURRENT_PROJECT_VERSION = 1;
				DEVELOPMENT_TEAM = 6F8F5SWM7M;
				GENERATE_INFOPLIST_FILE = YES;
				INFOPLIST_FILE = GoalPostApp/Info.plist;
				INFOPLIST_KEY_UIApplicationSupportsIndirectInputEvents = YES;
				INFOPLIST_KEY_UILaunchStoryboardName = LaunchScreen;
				INFOPLIST_KEY_UIMainStoryboardFile = Main;
				INFOPLIST_KEY_UISupportedInterfaceOrientations = UIInterfaceOrientationPortrait;
				INFOPLIST_KEY_UISupportedInterfaceOrientations_iPad = "UIInterfaceOrientationLandscapeLeft UIInterfaceOrientationLandscapeRight UIInterfaceOrientationPortrait UIInterfaceOrientationPortraitUpsideDown";
				LD_RUNPATH_SEARCH_PATHS = (
					"$(inherited)",
					"@executable_path/Frameworks",
				);
				MARKETING_VERSION = 1.0;
				PRODUCT_BUNDLE_IDENTIFIER = com.mixinteractive.GoalPostApp;
				PRODUCT_NAME = "$(TARGET_NAME)";
				SWIFT_EMIT_LOC_STRINGS = YES;
				SWIFT_VERSION = 5.0;
				TARGETED_DEVICE_FAMILY = "1,2";
			};
			name = Debug;
		};
		25CF38A429527CCC0040821E /* Release */ = {
			isa = XCBuildConfiguration;
			buildSettings = {
				ASSETCATALOG_COMPILER_APPICON_NAME = AppIcon;
				ASSETCATALOG_COMPILER_GLOBAL_ACCENT_COLOR_NAME = AccentColor;
				CODE_SIGN_STYLE = Automatic;
				CURRENT_PROJECT_VERSION = 1;
				DEVELOPMENT_TEAM = 6F8F5SWM7M;
				GENERATE_INFOPLIST_FILE = YES;
				INFOPLIST_FILE = GoalPostApp/Info.plist;
				INFOPLIST_KEY_UIApplicationSupportsIndirectInputEvents = YES;
				INFOPLIST_KEY_UILaunchStoryboardName = LaunchScreen;
				INFOPLIST_KEY_UIMainStoryboardFile = Main;
				INFOPLIST_KEY_UISupportedInterfaceOrientations = UIInterfaceOrientationPortrait;
				INFOPLIST_KEY_UISupportedInterfaceOrientations_iPad = "UIInterfaceOrientationLandscapeLeft UIInterfaceOrientationLandscapeRight UIInterfaceOrientationPortrait UIInterfaceOrientationPortraitUpsideDown";
				LD_RUNPATH_SEARCH_PATHS = (
					"$(inherited)",
					"@executable_path/Frameworks",
				);
				MARKETING_VERSION = 1.0;
				PRODUCT_BUNDLE_IDENTIFIER = com.mixinteractive.GoalPostApp;
				PRODUCT_NAME = "$(TARGET_NAME)";
				SWIFT_EMIT_LOC_STRINGS = YES;
				SWIFT_VERSION = 5.0;
				TARGETED_DEVICE_FAMILY = "1,2";
			};
			name = Release;
		};
/* End XCBuildConfiguration section */

/* Begin XCConfigurationList section */
		25CF388629527CCA0040821E /* Build configuration list for PBXProject "GoalPostApp" */ = {
			isa = XCConfigurationList;
			buildConfigurations = (
				25CF38A029527CCC0040821E /* Debug */,
				25CF38A129527CCC0040821E /* Release */,
			);
			defaultConfigurationIsVisible = 0;
			defaultConfigurationName = Release;
		};
		25CF38A229527CCC0040821E /* Build configuration list for PBXNativeTarget "GoalPostApp" */ = {
			isa = XCConfigurationList;
			buildConfigurations = (
				25CF38A329527CCC0040821E /* Debug */,
				25CF38A429527CCC0040821E /* Release */,
			);
			defaultConfigurationIsVisible = 0;
			defaultConfigurationName = Release;
		};
/* End XCConfigurationList section */

/* Begin XCVersionGroup section */
		25CF389729527CCA0040821E /* GoalPostApp.xcdatamodeld */ = {
			isa = XCVersionGroup;
			children = (
				25CF389829527CCA0040821E /* GoalPostApp.xcdatamodel */,
			);
			currentVersion = 25CF389829527CCA0040821E /* GoalPostApp.xcdatamodel */;
			path = GoalPostApp.xcdatamodeld;
			sourceTree = "<group>";
			versionGroupType = wrapper.xcdatamodel;
		};
/* End XCVersionGroup section */
	};
	rootObject = 25CF388329527CCA0040821E /* Project object */;
}
